
Microsoft Visual Studio Solution File, Format Version 12.00
# Visual Studio 15
VisualStudioVersion = 15.0.27004.2006
MinimumVisualStudioVersion = 10.0.40219.1
Project("{FAE04EC0-301F-11D3-BF4B-00C04F79EFBC}") = "MatrixOperations", "MatrixOperations\MatrixOperations.csproj", "{EAE3AC28-B688-4AEF-9B99-5FD937D1ECCC}"
EndProject
Project("{FAE04EC0-301F-11D3-BF4B-00C04F79EFBC}") = "MatrixLibrary", "MatrixLibrary\MatrixLibrary.csproj", "{AC97E052-8F72-48A8-843D-F71B24E2D228}"
EndProject
Global
	GlobalSection(SolutionConfigurationPlatforms) = preSolution
		Debug|Any CPU = Debug|Any CPU
		Release|Any CPU = Release|Any CPU
	EndGlobalSection
	GlobalSection(ProjectConfigurationPlatforms) = postSolution
		{EAE3AC28-B688-4AEF-9B99-5FD937D1ECCC}.Debug|Any CPU.ActiveCfg = Debug|Any CPU
		{EAE3AC28-B688-4AEF-9B99-5FD937D1ECCC}.Debug|Any CPU.Build.0 = Debug|Any CPU
		{EAE3AC28-B688-4AEF-9B99-5FD937D1ECCC}.Release|Any CPU.ActiveCfg = Release|Any CPU
		{EAE3AC28-B688-4AEF-9B99-5FD937D1ECCC}.Release|Any CPU.Build.0 = Release|Any CPU
		{AC97E052-8F72-48A8-843D-F71B24E2D228}.Debug|Any CPU.ActiveCfg = Debug|Any CPU
		{AC97E052-8F72-48A8-843D-F71B24E2D228}.Debug|Any CPU.Build.0 = Debug|Any CPU
		{AC97E052-8F72-48A8-843D-F71B24E2D228}.Release|Any CPU.ActiveCfg = Release|Any CPU
		{AC97E052-8F72-48A8-843D-F71B24E2D228}.Release|Any CPU.Build.0 = Release|Any CPU
	EndGlobalSection
	GlobalSection(SolutionProperties) = preSolution
		HideSolutionNode = FALSE
	EndGlobalSection
	GlobalSection(ExtensibilityGlobals) = postSolution
		SolutionGuid = {5561AEA4-607E-4EB6-AE60-26F31DC70189}
	EndGlobalSection
EndGlobal
